
Microsoft Visual Studio Solution File, Format Version 12.00
# Visual Studio Version 17
VisualStudioVersion = 17.5.33530.505
MinimumVisualStudioVersion = 10.0.40219.1
Project("{9A19103F-16F7-4668-BE54-9A1E7A4F7556}") = "PollApi", "PollApi\PollApi.csproj", "{1B6C2CC3-04EF-468C-A699-534AF841AD4D}"
EndProject
Project("{FAE04EC0-301F-11D3-BF4B-00C04F79EFBC}") = "Domain", "Domain\Domain.csproj", "{24DC473A-C87C-4368-831A-5B9093AAE246}"
EndProject
Project("{FAE04EC0-301F-11D3-BF4B-00C04F79EFBC}") = "Service", "Service\Service.csproj", "{A4316126-8ACB-4BB5-BFEF-3128F55E1F92}"
EndProject
Project("{FAE04EC0-301F-11D3-BF4B-00C04F79EFBC}") = "Dal", "Dal\Dal.csproj", "{9D6CB057-882D-415D-B08A-757EBF00112F}"
EndProject
Global
	GlobalSection(SolutionConfigurationPlatforms) = preSolution
		Debug|Any CPU = Debug|Any CPU
		Release|Any CPU = Release|Any CPU
	EndGlobalSection
	GlobalSection(ProjectConfigurationPlatforms) = postSolution
		{1B6C2CC3-04EF-468C-A699-534AF841AD4D}.Debug|Any CPU.ActiveCfg = Debug|Any CPU
		{1B6C2CC3-04EF-468C-A699-534AF841AD4D}.Debug|Any CPU.Build.0 = Debug|Any CPU
		{1B6C2CC3-04EF-468C-A699-534AF841AD4D}.Release|Any CPU.ActiveCfg = Release|Any CPU
		{1B6C2CC3-04EF-468C-A699-534AF841AD4D}.Release|Any CPU.Build.0 = Release|Any CPU
		{24DC473A-C87C-4368-831A-5B9093AAE246}.Debug|Any CPU.ActiveCfg = Debug|Any CPU
		{24DC473A-C87C-4368-831A-5B9093AAE246}.Debug|Any CPU.Build.0 = Debug|Any CPU
		{24DC473A-C87C-4368-831A-5B9093AAE246}.Release|Any CPU.ActiveCfg = Release|Any CPU
		{24DC473A-C87C-4368-831A-5B9093AAE246}.Release|Any CPU.Build.0 = Release|Any CPU
		{A4316126-8ACB-4BB5-BFEF-3128F55E1F92}.Debug|Any CPU.ActiveCfg = Debug|Any CPU
		{A4316126-8ACB-4BB5-BFEF-3128F55E1F92}.Debug|Any CPU.Build.0 = Debug|Any CPU
		{A4316126-8ACB-4BB5-BFEF-3128F55E1F92}.Release|Any CPU.ActiveCfg = Release|Any CPU
		{A4316126-8ACB-4BB5-BFEF-3128F55E1F92}.Release|Any CPU.Build.0 = Release|Any CPU
		{9D6CB057-882D-415D-B08A-757EBF00112F}.Debug|Any CPU.ActiveCfg = Debug|Any CPU
		{9D6CB057-882D-415D-B08A-757EBF00112F}.Debug|Any CPU.Build.0 = Debug|Any CPU
		{9D6CB057-882D-415D-B08A-757EBF00112F}.Release|Any CPU.ActiveCfg = Release|Any CPU
		{9D6CB057-882D-415D-B08A-757EBF00112F}.Release|Any CPU.Build.0 = Release|Any CPU
	EndGlobalSection
	GlobalSection(SolutionProperties) = preSolution
		HideSolutionNode = FALSE
	EndGlobalSection
	GlobalSection(ExtensibilityGlobals) = postSolution
		SolutionGuid = {B326FE5B-4A61-40C4-B34B-2933DD1D9BE9}
	EndGlobalSection
EndGlobal
